
Microsoft Visual Studio Solution File, Format Version 12.00
# Visual Studio Version 17
VisualStudioVersion = 17.8.34316.72
MinimumVisualStudioVersion = 10.0.40219.1
Project("{FAE04EC0-301F-11D3-BF4B-00C04F79EFBC}") = "Lesson_19_12_2023_Peregruzka", "Lesson_19_12_2023_Peregruzka\Lesson_19_12_2023_Peregruzka.csproj", "{A365F5AB-20B2-4444-91FA-6FD478FD68FE}"
EndProject
Global
	GlobalSection(SolutionConfigurationPlatforms) = preSolution
		Debug|Any CPU = Debug|Any CPU
		Release|Any CPU = Release|Any CPU
	EndGlobalSection
	GlobalSection(ProjectConfigurationPlatforms) = postSolution
		{A365F5AB-20B2-4444-91FA-6FD478FD68FE}.Debug|Any CPU.ActiveCfg = Debug|Any CPU
		{A365F5AB-20B2-4444-91FA-6FD478FD68FE}.Debug|Any CPU.Build.0 = Debug|Any CPU
		{A365F5AB-20B2-4444-91FA-6FD478FD68FE}.Release|Any CPU.ActiveCfg = Release|Any CPU
		{A365F5AB-20B2-4444-91FA-6FD478FD68FE}.Release|Any CPU.Build.0 = Release|Any CPU
	EndGlobalSection
	GlobalSection(SolutionProperties) = preSolution
		HideSolutionNode = FALSE
	EndGlobalSection
	GlobalSection(ExtensibilityGlobals) = postSolution
		SolutionGuid = {47DE30F7-A39B-47D1-AE9F-541283B39844}
	EndGlobalSection
EndGlobal
